// !$*UTF8*$!
{
	archiveVersion = 1;
	classes = {
	};
	objectVersion = 56;
	objects = {

/* Begin PBXBuildFile section */
		F83DEB342BF5D83300E78782 /* MyProfileViewModel.swift in Sources */ = {isa = PBXBuildFile; fileRef = F83DEB332BF5D83300E78782 /* MyProfileViewModel.swift */; };
		F83DEB362BF5DA2000E78782 /* MyProfileMenuType.swift in Sources */ = {isa = PBXBuildFile; fileRef = F83DEB352BF5DA2000E78782 /* MyProfileMenuType.swift */; };
		F83DEB382BF5DC3A00E78782 /* MyProfileDescEditView.swift in Sources */ = {isa = PBXBuildFile; fileRef = F83DEB372BF5DC3A00E78782 /* MyProfileDescEditView.swift */; };
		F83DEB3A2BF5E2E700E78782 /* PhotoPickerService.swift in Sources */ = {isa = PBXBuildFile; fileRef = F83DEB392BF5E2E700E78782 /* PhotoPickerService.swift */; };
		F83DEB3D2BF5E3D300E78782 /* PhotoImage.swift in Sources */ = {isa = PBXBuildFile; fileRef = F83DEB3C2BF5E3D300E78782 /* PhotoImage.swift */; };
		F83DEB3F2BF5E66900E78782 /* FirebaseStorage in Frameworks */ = {isa = PBXBuildFile; productRef = F83DEB3E2BF5E66900E78782 /* FirebaseStorage */; };
		F83DEB412BF5E66900E78782 /* FirebaseStorageCombine-Community in Frameworks */ = {isa = PBXBuildFile; productRef = F83DEB402BF5E66900E78782 /* FirebaseStorageCombine-Community */; };
		F83DEB452BF5E6C300E78782 /* UploadProvider.swift in Sources */ = {isa = PBXBuildFile; fileRef = F83DEB442BF5E6C300E78782 /* UploadProvider.swift */; };
		F83DEB472BF5E75F00E78782 /* UploadService.swift in Sources */ = {isa = PBXBuildFile; fileRef = F83DEB462BF5E75F00E78782 /* UploadService.swift */; };
		F83DEB4A2BF5E7F200E78782 /* UploaSourceType.swift in Sources */ = {isa = PBXBuildFile; fileRef = F83DEB492BF5E7F200E78782 /* UploaSourceType.swift */; };
		F83DEB4C2BF5EDFF00E78782 /* ImageCacheSesrvice.swift in Sources */ = {isa = PBXBuildFile; fileRef = F83DEB4B2BF5EDFF00E78782 /* ImageCacheSesrvice.swift */; };
		F83DEB4F2BF5EE6700E78782 /* MemoryStorage.swift in Sources */ = {isa = PBXBuildFile; fileRef = F83DEB4E2BF5EE6700E78782 /* MemoryStorage.swift */; };
		F83DEB512BF5EF0500E78782 /* DiskStorage.swift in Sources */ = {isa = PBXBuildFile; fileRef = F83DEB502BF5EF0500E78782 /* DiskStorage.swift */; };
		F83DEB542BF5F0E400E78782 /* SHA256.swift in Sources */ = {isa = PBXBuildFile; fileRef = F83DEB532BF5F0E400E78782 /* SHA256.swift */; };
		F83DEB562BF5F4F200E78782 /* URLImageView.swift in Sources */ = {isa = PBXBuildFile; fileRef = F83DEB552BF5F4F200E78782 /* URLImageView.swift */; };
		F83DEB592BF5F51C00E78782 /* URLImageViewModel.swift in Sources */ = {isa = PBXBuildFile; fileRef = F83DEB582BF5F51C00E78782 /* URLImageViewModel.swift */; };
		F83DEB5D2BF65CFD00E78782 /* OtherProfileViewModel.swift in Sources */ = {isa = PBXBuildFile; fileRef = F83DEB5C2BF65CFD00E78782 /* OtherProfileViewModel.swift */; };
		F83DEB5F2BF65D9300E78782 /* OtherProfileMenuType.swift in Sources */ = {isa = PBXBuildFile; fileRef = F83DEB5E2BF65D9300E78782 /* OtherProfileMenuType.swift */; };
		F83DEB612BF6600E00E78782 /* ChatRoomDBRepository.swift in Sources */ = {isa = PBXBuildFile; fileRef = F83DEB602BF6600E00E78782 /* ChatRoomDBRepository.swift */; };
		F83DEB632BF6605E00E78782 /* ChatRoomObject.swift in Sources */ = {isa = PBXBuildFile; fileRef = F83DEB622BF6605E00E78782 /* ChatRoomObject.swift */; };
		F83DEB652BF6627400E78782 /* ChatRoomService.swift in Sources */ = {isa = PBXBuildFile; fileRef = F83DEB642BF6627400E78782 /* ChatRoomService.swift */; };
		F83DEB672BF662F400E78782 /* ChatRoom.swift in Sources */ = {isa = PBXBuildFile; fileRef = F83DEB662BF662F400E78782 /* ChatRoom.swift */; };
		F83DEB6A2BF6650D00E78782 /* NavigationDestination.swift in Sources */ = {isa = PBXBuildFile; fileRef = F83DEB692BF6650D00E78782 /* NavigationDestination.swift */; };
		F83DEB6C2BF6651F00E78782 /* NavigationRouter.swift in Sources */ = {isa = PBXBuildFile; fileRef = F83DEB6B2BF6651F00E78782 /* NavigationRouter.swift */; };
		F83DEB6F2BF6662700E78782 /* ChatView.swift in Sources */ = {isa = PBXBuildFile; fileRef = F83DEB6E2BF6662700E78782 /* ChatView.swift */; };
		F83DEB712BF6662F00E78782 /* SearchView.swift in Sources */ = {isa = PBXBuildFile; fileRef = F83DEB702BF6662F00E78782 /* SearchView.swift */; };
		F83DEB742BF66F0C00E78782 /* ChatListViewModel.swift in Sources */ = {isa = PBXBuildFile; fileRef = F83DEB732BF66F0C00E78782 /* ChatListViewModel.swift */; };
		F83DEB762BF670F900E78782 /* SearchButton.swift in Sources */ = {isa = PBXBuildFile; fileRef = F83DEB752BF670F900E78782 /* SearchButton.swift */; };
		F83DEB782BF6719800E78782 /* NavigationRoutingView.swift in Sources */ = {isa = PBXBuildFile; fileRef = F83DEB772BF6719800E78782 /* NavigationRoutingView.swift */; };
		F885422B2BFB102F00DD3D9D /* ChatViewModel.swift in Sources */ = {isa = PBXBuildFile; fileRef = F885422A2BFB102F00DD3D9D /* ChatViewModel.swift */; };
		F885422D2BFB121000DD3D9D /* Chat.swift in Sources */ = {isa = PBXBuildFile; fileRef = F885422C2BFB121000DD3D9D /* Chat.swift */; };
		F885422F2BFB12B000DD3D9D /* ChatData.swift in Sources */ = {isa = PBXBuildFile; fileRef = F885422E2BFB12B000DD3D9D /* ChatData.swift */; };
		F88542312BFB132000DD3D9D /* Date+Extension.swift in Sources */ = {isa = PBXBuildFile; fileRef = F88542302BFB132000DD3D9D /* Date+Extension.swift */; };
		F88542332BFB14CA00DD3D9D /* ChatItemView.swift in Sources */ = {isa = PBXBuildFile; fileRef = F88542322BFB14CA00DD3D9D /* ChatItemView.swift */; };
		F88542352BFB14E800DD3D9D /* ChatItemDirection.swift in Sources */ = {isa = PBXBuildFile; fileRef = F88542342BFB14E800DD3D9D /* ChatItemDirection.swift */; };
		F88542372BFB191700DD3D9D /* KeyboardToolbar.swift in Sources */ = {isa = PBXBuildFile; fileRef = F88542362BFB191700DD3D9D /* KeyboardToolbar.swift */; };
		F88542392BFB3BF000DD3D9D /* ChatDBRepository.swift in Sources */ = {isa = PBXBuildFile; fileRef = F88542382BFB3BF000DD3D9D /* ChatDBRepository.swift */; };
		F885423B2BFB3CB400DD3D9D /* ChatObject.swift in Sources */ = {isa = PBXBuildFile; fileRef = F885423A2BFB3CB400DD3D9D /* ChatObject.swift */; };
		F885423D2BFB3D4700DD3D9D /* ChatService.swift in Sources */ = {isa = PBXBuildFile; fileRef = F885423C2BFB3D4700DD3D9D /* ChatService.swift */; };
		F885423F2BFB447200DD3D9D /* ChatImageItemView.swift in Sources */ = {isa = PBXBuildFile; fileRef = F885423E2BFB447200DD3D9D /* ChatImageItemView.swift */; };
		F88542422BFB724700DD3D9D /* SearchViewModel.swift in Sources */ = {isa = PBXBuildFile; fileRef = F88542412BFB724700DD3D9D /* SearchViewModel.swift */; };
		F88542442BFB743800DD3D9D /* SearchBar.swift in Sources */ = {isa = PBXBuildFile; fileRef = F88542432BFB743800DD3D9D /* SearchBar.swift */; };
		F88542472BFDDB2F00DD3D9D /* Search.xcdatamodeld in Sources */ = {isa = PBXBuildFile; fileRef = F88542452BFDDB2F00DD3D9D /* Search.xcdatamodeld */; };
		F885424A2BFDDBA100DD3D9D /* SearchDataController.swift in Sources */ = {isa = PBXBuildFile; fileRef = F88542492BFDDBA100DD3D9D /* SearchDataController.swift */; };
		F885424C2BFDDC9500DD3D9D /* RecentSearchView.swift in Sources */ = {isa = PBXBuildFile; fileRef = F885424B2BFDDC9500DD3D9D /* RecentSearchView.swift */; };
		F885424F2BFDE18200DD3D9D /* SettingView.swift in Sources */ = {isa = PBXBuildFile; fileRef = F885424E2BFDE18200DD3D9D /* SettingView.swift */; };
		F88542512BFDE18900DD3D9D /* SettingViewModel.swift in Sources */ = {isa = PBXBuildFile; fileRef = F88542502BFDE18900DD3D9D /* SettingViewModel.swift */; };
		F88542532BFDE18F00DD3D9D /* SettingItem.swift in Sources */ = {isa = PBXBuildFile; fileRef = F88542522BFDE18F00DD3D9D /* SettingItem.swift */; };
		F88542562BFDE37B00DD3D9D /* AppearanceType.swift in Sources */ = {isa = PBXBuildFile; fileRef = F88542552BFDE37B00DD3D9D /* AppearanceType.swift */; };
		F88542582BFDE66D00DD3D9D /* AppearanceController.swift in Sources */ = {isa = PBXBuildFile; fileRef = F88542572BFDE66D00DD3D9D /* AppearanceController.swift */; };
		F885425A2BFE57E200DD3D9D /* FirebaseAuth in Frameworks */ = {isa = PBXBuildFile; productRef = F88542592BFE57E200DD3D9D /* FirebaseAuth */; };
		F885425C2BFE57E200DD3D9D /* FirebaseDatabase in Frameworks */ = {isa = PBXBuildFile; productRef = F885425B2BFE57E200DD3D9D /* FirebaseDatabase */; };
		F885425E2BFE57E200DD3D9D /* FirebaseMessaging in Frameworks */ = {isa = PBXBuildFile; productRef = F885425D2BFE57E200DD3D9D /* FirebaseMessaging */; };
		F88542602BFE57E200DD3D9D /* FirebaseStorage in Frameworks */ = {isa = PBXBuildFile; productRef = F885425F2BFE57E200DD3D9D /* FirebaseStorage */; };
		F88542622BFE57E200DD3D9D /* FirebaseStorageCombine-Community in Frameworks */ = {isa = PBXBuildFile; productRef = F88542612BFE57E200DD3D9D /* FirebaseStorageCombine-Community */; };
		F88542642BFE57EC00DD3D9D /* GoogleSignIn in Frameworks */ = {isa = PBXBuildFile; productRef = F88542632BFE57EC00DD3D9D /* GoogleSignIn */; };
		F8955B652BEBDB530019EE2A /* MessengerApp.swift in Sources */ = {isa = PBXBuildFile; fileRef = F8955B642BEBDB530019EE2A /* MessengerApp.swift */; };
		F8955B672BEBDB530019EE2A /* AuthenticatedView.swift in Sources */ = {isa = PBXBuildFile; fileRef = F8955B662BEBDB530019EE2A /* AuthenticatedView.swift */; };
		F8955B692BEBDB540019EE2A /* Assets.xcassets in Resources */ = {isa = PBXBuildFile; fileRef = F8955B682BEBDB540019EE2A /* Assets.xcassets */; };
		F8955B6C2BEBDB540019EE2A /* Preview Assets.xcassets in Resources */ = {isa = PBXBuildFile; fileRef = F8955B6B2BEBDB540019EE2A /* Preview Assets.xcassets */; };
		F8955B762BEBDB540019EE2A /* MessengerTests.swift in Sources */ = {isa = PBXBuildFile; fileRef = F8955B752BEBDB540019EE2A /* MessengerTests.swift */; };
		F8955B912BEBDB830019EE2A /* Colors.xcassets in Resources */ = {isa = PBXBuildFile; fileRef = F8955B902BEBDB830019EE2A /* Colors.xcassets */; };
		F8955B932BEBDC130019EE2A /* LaunchScreen.storyboard in Resources */ = {isa = PBXBuildFile; fileRef = F8955B922BEBDC060019EE2A /* LaunchScreen.storyboard */; };
		F8955B962BEBDD070019EE2A /* DIContainer.swift in Sources */ = {isa = PBXBuildFile; fileRef = F8955B952BEBDD070019EE2A /* DIContainer.swift */; };
		F8955B992BEBDD260019EE2A /* Services.swift in Sources */ = {isa = PBXBuildFile; fileRef = F8955B982BEBDD260019EE2A /* Services.swift */; };
		F8955B9D2BEBDDA80019EE2A /* AuthenticationViewModel.swift in Sources */ = {isa = PBXBuildFile; fileRef = F8955B9C2BEBDDA80019EE2A /* AuthenticationViewModel.swift */; };
		F8955BA22BEBDFF40019EE2A /* FirebaseAuth in Frameworks */ = {isa = PBXBuildFile; productRef = F8955BA12BEBDFF40019EE2A /* FirebaseAuth */; };
		F8955BA42BEBE03B0019EE2A /* AppDelegate.swift in Sources */ = {isa = PBXBuildFile; fileRef = F8955BA32BEBE03B0019EE2A /* AppDelegate.swift */; };
		F8955BA82BEBE15C0019EE2A /* AuthenticationService.swift in Sources */ = {isa = PBXBuildFile; fileRef = F8955BA72BEBE15C0019EE2A /* AuthenticationService.swift */; };
		F8955BA92BEBE2BB0019EE2A /* GoogleService-Info.plist in Resources */ = {isa = PBXBuildFile; fileRef = F8955BA52BEBE0E50019EE2A /* GoogleService-Info.plist */; };
		F8955BAD2BEBE3780019EE2A /* LoginIntroView.swift in Sources */ = {isa = PBXBuildFile; fileRef = F8955BAC2BEBE3780019EE2A /* LoginIntroView.swift */; };
		F8955BAF2BEBE3830019EE2A /* MainTabView.swift in Sources */ = {isa = PBXBuildFile; fileRef = F8955BAE2BEBE3830019EE2A /* MainTabView.swift */; };
		F8955BB12BEBE52B0019EE2A /* LoginView.swift in Sources */ = {isa = PBXBuildFile; fileRef = F8955BB02BEBE52B0019EE2A /* LoginView.swift */; };
		F8955BB32BEBE5E10019EE2A /* LoginButtonStyle.swift in Sources */ = {isa = PBXBuildFile; fileRef = F8955BB22BEBE5E10019EE2A /* LoginButtonStyle.swift */; };
		F8955BB72BEBE8EC0019EE2A /* GoogleSignIn in Frameworks */ = {isa = PBXBuildFile; productRef = F8955BB62BEBE8EC0019EE2A /* GoogleSignIn */; };
		F8955BBA2BEBE9A70019EE2A /* User.swift in Sources */ = {isa = PBXBuildFile; fileRef = F8955BB92BEBE9A70019EE2A /* User.swift */; };
		F8955BBC2BEBE9DE0019EE2A /* ServiceError.swift in Sources */ = {isa = PBXBuildFile; fileRef = F8955BBB2BEBE9DE0019EE2A /* ServiceError.swift */; };
		F8F0CB602BF25781001F67ED /* MainTabType.swift in Sources */ = {isa = PBXBuildFile; fileRef = F8F0CB5F2BF25781001F67ED /* MainTabType.swift */; };
		F8F0CB652BF25823001F67ED /* HomeView.swift in Sources */ = {isa = PBXBuildFile; fileRef = F8F0CB642BF25823001F67ED /* HomeView.swift */; };
		F8F0CB672BF2582B001F67ED /* ChatListView.swift in Sources */ = {isa = PBXBuildFile; fileRef = F8F0CB662BF2582B001F67ED /* ChatListView.swift */; };
		F8F0CB692BF2595D001F67ED /* HomeViewModel.swift in Sources */ = {isa = PBXBuildFile; fileRef = F8F0CB682BF2595D001F67ED /* HomeViewModel.swift */; };
		F8F0CB6C2BF25D84001F67ED /* FirebaseDatabase in Frameworks */ = {isa = PBXBuildFile; productRef = F8F0CB6B2BF25D84001F67ED /* FirebaseDatabase */; };
		F8F0CB702BF26021001F67ED /* UserDBRepository.swift in Sources */ = {isa = PBXBuildFile; fileRef = F8F0CB6F2BF26021001F67ED /* UserDBRepository.swift */; };
		F8F0CB722BF2603E001F67ED /* UserService.swift in Sources */ = {isa = PBXBuildFile; fileRef = F8F0CB712BF2603E001F67ED /* UserService.swift */; };
		F8F0CB752BF26112001F67ED /* UserObject.swift in Sources */ = {isa = PBXBuildFile; fileRef = F8F0CB742BF26112001F67ED /* UserObject.swift */; };
		F8F0CB772BF26156001F67ED /* DBError.swift in Sources */ = {isa = PBXBuildFile; fileRef = F8F0CB762BF26156001F67ED /* DBError.swift */; };
		F8F0CB792BF2630E001F67ED /* Constant.swift in Sources */ = {isa = PBXBuildFile; fileRef = F8F0CB782BF2630E001F67ED /* Constant.swift */; };
		F8F0CB7B2BF33168001F67ED /* Phase.swift in Sources */ = {isa = PBXBuildFile; fileRef = F8F0CB7A2BF33168001F67ED /* Phase.swift */; };
		F8F0CB7D2BF33200001F67ED /* PlaceholderView.swift in Sources */ = {isa = PBXBuildFile; fileRef = F8F0CB7C2BF33200001F67ED /* PlaceholderView.swift */; };
		F8F0CB802BF33223001F67ED /* LoadingView.swift in Sources */ = {isa = PBXBuildFile; fileRef = F8F0CB7F2BF33223001F67ED /* LoadingView.swift */; };
		F8F0CB822BF3326E001F67ED /* ErrorView.swift in Sources */ = {isa = PBXBuildFile; fileRef = F8F0CB812BF3326E001F67ED /* ErrorView.swift */; };
		F8F0CB842BF3340A001F67ED /* HomeModelDestination.swift in Sources */ = {isa = PBXBuildFile; fileRef = F8F0CB832BF3340A001F67ED /* HomeModelDestination.swift */; };
		F8F0CB872BF33479001F67ED /* MyProfileView.swift in Sources */ = {isa = PBXBuildFile; fileRef = F8F0CB862BF33479001F67ED /* MyProfileView.swift */; };
		F8F0CB8B2BF33492001F67ED /* OtherProfileView.swift in Sources */ = {isa = PBXBuildFile; fileRef = F8F0CB8A2BF33492001F67ED /* OtherProfileView.swift */; };
		F8F0CB8D2BF337B5001F67ED /* ContactService.swift in Sources */ = {isa = PBXBuildFile; fileRef = F8F0CB8C2BF337B5001F67ED /* ContactService.swift */; };
/* End PBXBuildFile section */

/* Begin PBXContainerItemProxy section */
		F8955B722BEBDB540019EE2A /* PBXContainerItemProxy */ = {
			isa = PBXContainerItemProxy;
			containerPortal = F8955B592BEBDB530019EE2A /* Project object */;
			proxyType = 1;
			remoteGlobalIDString = F8955B602BEBDB530019EE2A;
			remoteInfo = Messenger;
		};
/* End PBXContainerItemProxy section */

/* Begin PBXFileReference section */
		F83DEB332BF5D83300E78782 /* MyProfileViewModel.swift */ = {isa = PBXFileReference; lastKnownFileType = sourcecode.swift; path = MyProfileViewModel.swift; sourceTree = "<group>"; };
		F83DEB352BF5DA2000E78782 /* MyProfileMenuType.swift */ = {isa = PBXFileReference; lastKnownFileType = sourcecode.swift; path = MyProfileMenuType.swift; sourceTree = "<group>"; };
		F83DEB372BF5DC3A00E78782 /* MyProfileDescEditView.swift */ = {isa = PBXFileReference; lastKnownFileType = sourcecode.swift; path = MyProfileDescEditView.swift; sourceTree = "<group>"; };
		F83DEB392BF5E2E700E78782 /* PhotoPickerService.swift */ = {isa = PBXFileReference; lastKnownFileType = sourcecode.swift; path = PhotoPickerService.swift; sourceTree = "<group>"; };
		F83DEB3C2BF5E3D300E78782 /* PhotoImage.swift */ = {isa = PBXFileReference; lastKnownFileType = sourcecode.swift; path = PhotoImage.swift; sourceTree = "<group>"; };
		F83DEB442BF5E6C300E78782 /* UploadProvider.swift */ = {isa = PBXFileReference; lastKnownFileType = sourcecode.swift; path = UploadProvider.swift; sourceTree = "<group>"; };
		F83DEB462BF5E75F00E78782 /* UploadService.swift */ = {isa = PBXFileReference; lastKnownFileType = sourcecode.swift; path = UploadService.swift; sourceTree = "<group>"; };
		F83DEB492BF5E7F200E78782 /* UploaSourceType.swift */ = {isa = PBXFileReference; lastKnownFileType = sourcecode.swift; path = UploaSourceType.swift; sourceTree = "<group>"; };
		F83DEB4B2BF5EDFF00E78782 /* ImageCacheSesrvice.swift */ = {isa = PBXFileReference; lastKnownFileType = sourcecode.swift; path = ImageCacheSesrvice.swift; sourceTree = "<group>"; };
		F83DEB4E2BF5EE6700E78782 /* MemoryStorage.swift */ = {isa = PBXFileReference; lastKnownFileType = sourcecode.swift; path = MemoryStorage.swift; sourceTree = "<group>"; };
		F83DEB502BF5EF0500E78782 /* DiskStorage.swift */ = {isa = PBXFileReference; lastKnownFileType = sourcecode.swift; path = DiskStorage.swift; sourceTree = "<group>"; };
		F83DEB532BF5F0E400E78782 /* SHA256.swift */ = {isa = PBXFileReference; lastKnownFileType = sourcecode.swift; path = SHA256.swift; sourceTree = "<group>"; };
		F83DEB552BF5F4F200E78782 /* URLImageView.swift */ = {isa = PBXFileReference; lastKnownFileType = sourcecode.swift; path = URLImageView.swift; sourceTree = "<group>"; };
		F83DEB582BF5F51C00E78782 /* URLImageViewModel.swift */ = {isa = PBXFileReference; lastKnownFileType = sourcecode.swift; path = URLImageViewModel.swift; sourceTree = "<group>"; };
		F83DEB5C2BF65CFD00E78782 /* OtherProfileViewModel.swift */ = {isa = PBXFileReference; lastKnownFileType = sourcecode.swift; path = OtherProfileViewModel.swift; sourceTree = "<group>"; };
		F83DEB5E2BF65D9300E78782 /* OtherProfileMenuType.swift */ = {isa = PBXFileReference; lastKnownFileType = sourcecode.swift; path = OtherProfileMenuType.swift; sourceTree = "<group>"; };
		F83DEB602BF6600E00E78782 /* ChatRoomDBRepository.swift */ = {isa = PBXFileReference; lastKnownFileType = sourcecode.swift; path = ChatRoomDBRepository.swift; sourceTree = "<group>"; };
		F83DEB622BF6605E00E78782 /* ChatRoomObject.swift */ = {isa = PBXFileReference; lastKnownFileType = sourcecode.swift; path = ChatRoomObject.swift; sourceTree = "<group>"; };
		F83DEB642BF6627400E78782 /* ChatRoomService.swift */ = {isa = PBXFileReference; lastKnownFileType = sourcecode.swift; path = ChatRoomService.swift; sourceTree = "<group>"; };
		F83DEB662BF662F400E78782 /* ChatRoom.swift */ = {isa = PBXFileReference; lastKnownFileType = sourcecode.swift; path = ChatRoom.swift; sourceTree = "<group>"; };
		F83DEB692BF6650D00E78782 /* NavigationDestination.swift */ = {isa = PBXFileReference; lastKnownFileType = sourcecode.swift; path = NavigationDestination.swift; sourceTree = "<group>"; };
		F83DEB6B2BF6651F00E78782 /* NavigationRouter.swift */ = {isa = PBXFileReference; lastKnownFileType = sourcecode.swift; path = NavigationRouter.swift; sourceTree = "<group>"; };
		F83DEB6E2BF6662700E78782 /* ChatView.swift */ = {isa = PBXFileReference; lastKnownFileType = sourcecode.swift; path = ChatView.swift; sourceTree = "<group>"; };
		F83DEB702BF6662F00E78782 /* SearchView.swift */ = {isa = PBXFileReference; lastKnownFileType = sourcecode.swift; path = SearchView.swift; sourceTree = "<group>"; };
		F83DEB732BF66F0C00E78782 /* ChatListViewModel.swift */ = {isa = PBXFileReference; lastKnownFileType = sourcecode.swift; path = ChatListViewModel.swift; sourceTree = "<group>"; };
		F83DEB752BF670F900E78782 /* SearchButton.swift */ = {isa = PBXFileReference; lastKnownFileType = sourcecode.swift; path = SearchButton.swift; sourceTree = "<group>"; };
		F83DEB772BF6719800E78782 /* NavigationRoutingView.swift */ = {isa = PBXFileReference; lastKnownFileType = sourcecode.swift; path = NavigationRoutingView.swift; sourceTree = "<group>"; };
		F885422A2BFB102F00DD3D9D /* ChatViewModel.swift */ = {isa = PBXFileReference; lastKnownFileType = sourcecode.swift; path = ChatViewModel.swift; sourceTree = "<group>"; };
		F885422C2BFB121000DD3D9D /* Chat.swift */ = {isa = PBXFileReference; lastKnownFileType = sourcecode.swift; path = Chat.swift; sourceTree = "<group>"; };
		F885422E2BFB12B000DD3D9D /* ChatData.swift */ = {isa = PBXFileReference; lastKnownFileType = sourcecode.swift; path = ChatData.swift; sourceTree = "<group>"; };
		F88542302BFB132000DD3D9D /* Date+Extension.swift */ = {isa = PBXFileReference; lastKnownFileType = sourcecode.swift; path = "Date+Extension.swift"; sourceTree = "<group>"; };
		F88542322BFB14CA00DD3D9D /* ChatItemView.swift */ = {isa = PBXFileReference; lastKnownFileType = sourcecode.swift; path = ChatItemView.swift; sourceTree = "<group>"; };
		F88542342BFB14E800DD3D9D /* ChatItemDirection.swift */ = {isa = PBXFileReference; lastKnownFileType = sourcecode.swift; path = ChatItemDirection.swift; sourceTree = "<group>"; };
		F88542362BFB191700DD3D9D /* KeyboardToolbar.swift */ = {isa = PBXFileReference; lastKnownFileType = sourcecode.swift; path = KeyboardToolbar.swift; sourceTree = "<group>"; };
		F88542382BFB3BF000DD3D9D /* ChatDBRepository.swift */ = {isa = PBXFileReference; lastKnownFileType = sourcecode.swift; path = ChatDBRepository.swift; sourceTree = "<group>"; };
		F885423A2BFB3CB400DD3D9D /* ChatObject.swift */ = {isa = PBXFileReference; lastKnownFileType = sourcecode.swift; path = ChatObject.swift; sourceTree = "<group>"; };
		F885423C2BFB3D4700DD3D9D /* ChatService.swift */ = {isa = PBXFileReference; lastKnownFileType = sourcecode.swift; path = ChatService.swift; sourceTree = "<group>"; };
		F885423E2BFB447200DD3D9D /* ChatImageItemView.swift */ = {isa = PBXFileReference; lastKnownFileType = sourcecode.swift; path = ChatImageItemView.swift; sourceTree = "<group>"; };
		F88542412BFB724700DD3D9D /* SearchViewModel.swift */ = {isa = PBXFileReference; lastKnownFileType = sourcecode.swift; path = SearchViewModel.swift; sourceTree = "<group>"; };
		F88542432BFB743800DD3D9D /* SearchBar.swift */ = {isa = PBXFileReference; lastKnownFileType = sourcecode.swift; path = SearchBar.swift; sourceTree = "<group>"; };
		F88542462BFDDB2F00DD3D9D /* Search.xcdatamodel */ = {isa = PBXFileReference; lastKnownFileType = wrapper.xcdatamodel; path = Search.xcdatamodel; sourceTree = "<group>"; };
		F88542492BFDDBA100DD3D9D /* SearchDataController.swift */ = {isa = PBXFileReference; lastKnownFileType = sourcecode.swift; path = SearchDataController.swift; sourceTree = "<group>"; };
		F885424B2BFDDC9500DD3D9D /* RecentSearchView.swift */ = {isa = PBXFileReference; lastKnownFileType = sourcecode.swift; path = RecentSearchView.swift; sourceTree = "<group>"; };
		F885424E2BFDE18200DD3D9D /* SettingView.swift */ = {isa = PBXFileReference; lastKnownFileType = sourcecode.swift; path = SettingView.swift; sourceTree = "<group>"; };
		F88542502BFDE18900DD3D9D /* SettingViewModel.swift */ = {isa = PBXFileReference; lastKnownFileType = sourcecode.swift; path = SettingViewModel.swift; sourceTree = "<group>"; };
		F88542522BFDE18F00DD3D9D /* SettingItem.swift */ = {isa = PBXFileReference; lastKnownFileType = sourcecode.swift; path = SettingItem.swift; sourceTree = "<group>"; };
		F88542552BFDE37B00DD3D9D /* AppearanceType.swift */ = {isa = PBXFileReference; lastKnownFileType = sourcecode.swift; path = AppearanceType.swift; sourceTree = "<group>"; };
		F88542572BFDE66D00DD3D9D /* AppearanceController.swift */ = {isa = PBXFileReference; lastKnownFileType = sourcecode.swift; path = AppearanceController.swift; sourceTree = "<group>"; };
		F8955B612BEBDB530019EE2A /* Messenger.app */ = {isa = PBXFileReference; explicitFileType = wrapper.application; includeInIndex = 0; path = Messenger.app; sourceTree = BUILT_PRODUCTS_DIR; };
		F8955B642BEBDB530019EE2A /* MessengerApp.swift */ = {isa = PBXFileReference; lastKnownFileType = sourcecode.swift; path = MessengerApp.swift; sourceTree = "<group>"; };
		F8955B662BEBDB530019EE2A /* AuthenticatedView.swift */ = {isa = PBXFileReference; lastKnownFileType = sourcecode.swift; path = AuthenticatedView.swift; sourceTree = "<group>"; };
		F8955B682BEBDB540019EE2A /* Assets.xcassets */ = {isa = PBXFileReference; lastKnownFileType = folder.assetcatalog; path = Assets.xcassets; sourceTree = "<group>"; };
		F8955B6B2BEBDB540019EE2A /* Preview Assets.xcassets */ = {isa = PBXFileReference; lastKnownFileType = folder.assetcatalog; path = "Preview Assets.xcassets"; sourceTree = "<group>"; };
		F8955B712BEBDB540019EE2A /* MessengerTests.xctest */ = {isa = PBXFileReference; explicitFileType = wrapper.cfbundle; includeInIndex = 0; path = MessengerTests.xctest; sourceTree = BUILT_PRODUCTS_DIR; };
		F8955B752BEBDB540019EE2A /* MessengerTests.swift */ = {isa = PBXFileReference; lastKnownFileType = sourcecode.swift; path = MessengerTests.swift; sourceTree = "<group>"; };
		F8955B902BEBDB830019EE2A /* Colors.xcassets */ = {isa = PBXFileReference; lastKnownFileType = folder.assetcatalog; path = Colors.xcassets; sourceTree = "<group>"; };
		F8955B922BEBDC060019EE2A /* LaunchScreen.storyboard */ = {isa = PBXFileReference; lastKnownFileType = file.storyboard; path = LaunchScreen.storyboard; sourceTree = "<group>"; };
		F8955B952BEBDD070019EE2A /* DIContainer.swift */ = {isa = PBXFileReference; lastKnownFileType = sourcecode.swift; path = DIContainer.swift; sourceTree = "<group>"; };
		F8955B982BEBDD260019EE2A /* Services.swift */ = {isa = PBXFileReference; lastKnownFileType = sourcecode.swift; path = Services.swift; sourceTree = "<group>"; };
		F8955B9C2BEBDDA80019EE2A /* AuthenticationViewModel.swift */ = {isa = PBXFileReference; lastKnownFileType = sourcecode.swift; path = AuthenticationViewModel.swift; sourceTree = "<group>"; };
		F8955BA32BEBE03B0019EE2A /* AppDelegate.swift */ = {isa = PBXFileReference; lastKnownFileType = sourcecode.swift; path = AppDelegate.swift; sourceTree = "<group>"; };
		F8955BA52BEBE0E50019EE2A /* GoogleService-Info.plist */ = {isa = PBXFileReference; lastKnownFileType = text.plist.xml; path = "GoogleService-Info.plist"; sourceTree = "<group>"; };
		F8955BA62BEBE1120019EE2A /* Info.plist */ = {isa = PBXFileReference; lastKnownFileType = text.plist; path = Info.plist; sourceTree = "<group>"; };
		F8955BA72BEBE15C0019EE2A /* AuthenticationService.swift */ = {isa = PBXFileReference; lastKnownFileType = sourcecode.swift; path = AuthenticationService.swift; sourceTree = "<group>"; };
		F8955BAC2BEBE3780019EE2A /* LoginIntroView.swift */ = {isa = PBXFileReference; lastKnownFileType = sourcecode.swift; path = LoginIntroView.swift; sourceTree = "<group>"; };
		F8955BAE2BEBE3830019EE2A /* MainTabView.swift */ = {isa = PBXFileReference; lastKnownFileType = sourcecode.swift; path = MainTabView.swift; sourceTree = "<group>"; };
		F8955BB02BEBE52B0019EE2A /* LoginView.swift */ = {isa = PBXFileReference; lastKnownFileType = sourcecode.swift; path = LoginView.swift; sourceTree = "<group>"; };
		F8955BB22BEBE5E10019EE2A /* LoginButtonStyle.swift */ = {isa = PBXFileReference; lastKnownFileType = sourcecode.swift; path = LoginButtonStyle.swift; sourceTree = "<group>"; };
		F8955BB92BEBE9A70019EE2A /* User.swift */ = {isa = PBXFileReference; lastKnownFileType = sourcecode.swift; path = User.swift; sourceTree = "<group>"; };
		F8955BBB2BEBE9DE0019EE2A /* ServiceError.swift */ = {isa = PBXFileReference; lastKnownFileType = sourcecode.swift; path = ServiceError.swift; sourceTree = "<group>"; };
		F8F0CB5F2BF25781001F67ED /* MainTabType.swift */ = {isa = PBXFileReference; lastKnownFileType = sourcecode.swift; path = MainTabType.swift; sourceTree = "<group>"; };
		F8F0CB642BF25823001F67ED /* HomeView.swift */ = {isa = PBXFileReference; lastKnownFileType = sourcecode.swift; path = HomeView.swift; sourceTree = "<group>"; };
		F8F0CB662BF2582B001F67ED /* ChatListView.swift */ = {isa = PBXFileReference; lastKnownFileType = sourcecode.swift; path = ChatListView.swift; sourceTree = "<group>"; };
		F8F0CB682BF2595D001F67ED /* HomeViewModel.swift */ = {isa = PBXFileReference; lastKnownFileType = sourcecode.swift; path = HomeViewModel.swift; sourceTree = "<group>"; };
		F8F0CB6F2BF26021001F67ED /* UserDBRepository.swift */ = {isa = PBXFileReference; lastKnownFileType = sourcecode.swift; path = UserDBRepository.swift; sourceTree = "<group>"; };
		F8F0CB712BF2603E001F67ED /* UserService.swift */ = {isa = PBXFileReference; lastKnownFileType = sourcecode.swift; path = UserService.swift; sourceTree = "<group>"; };
		F8F0CB742BF26112001F67ED /* UserObject.swift */ = {isa = PBXFileReference; lastKnownFileType = sourcecode.swift; path = UserObject.swift; sourceTree = "<group>"; };
		F8F0CB762BF26156001F67ED /* DBError.swift */ = {isa = PBXFileReference; lastKnownFileType = sourcecode.swift; path = DBError.swift; sourceTree = "<group>"; };
		F8F0CB782BF2630E001F67ED /* Constant.swift */ = {isa = PBXFileReference; lastKnownFileType = sourcecode.swift; path = Constant.swift; sourceTree = "<group>"; };
		F8F0CB7A2BF33168001F67ED /* Phase.swift */ = {isa = PBXFileReference; lastKnownFileType = sourcecode.swift; path = Phase.swift; sourceTree = "<group>"; };
		F8F0CB7C2BF33200001F67ED /* PlaceholderView.swift */ = {isa = PBXFileReference; lastKnownFileType = sourcecode.swift; path = PlaceholderView.swift; sourceTree = "<group>"; };
		F8F0CB7F2BF33223001F67ED /* LoadingView.swift */ = {isa = PBXFileReference; lastKnownFileType = sourcecode.swift; path = LoadingView.swift; sourceTree = "<group>"; };
		F8F0CB812BF3326E001F67ED /* ErrorView.swift */ = {isa = PBXFileReference; lastKnownFileType = sourcecode.swift; path = ErrorView.swift; sourceTree = "<group>"; };
		F8F0CB832BF3340A001F67ED /* HomeModelDestination.swift */ = {isa = PBXFileReference; lastKnownFileType = sourcecode.swift; path = HomeModelDestination.swift; sourceTree = "<group>"; };
		F8F0CB862BF33479001F67ED /* MyProfileView.swift */ = {isa = PBXFileReference; lastKnownFileType = sourcecode.swift; path = MyProfileView.swift; sourceTree = "<group>"; };
		F8F0CB8A2BF33492001F67ED /* OtherProfileView.swift */ = {isa = PBXFileReference; lastKnownFileType = sourcecode.swift; path = OtherProfileView.swift; sourceTree = "<group>"; };
		F8F0CB8C2BF337B5001F67ED /* ContactService.swift */ = {isa = PBXFileReference; lastKnownFileType = sourcecode.swift; path = ContactService.swift; sourceTree = "<group>"; };
/* End PBXFileReference section */

/* Begin PBXFrameworksBuildPhase section */
		F8955B5E2BEBDB530019EE2A /* Frameworks */ = {
			isa = PBXFrameworksBuildPhase;
			buildActionMask = 2147483647;
			files = (
				F8F0CB6C2BF25D84001F67ED /* FirebaseDatabase in Frameworks */,
				F83DEB3F2BF5E66900E78782 /* FirebaseStorage in Frameworks */,
				F83DEB412BF5E66900E78782 /* FirebaseStorageCombine-Community in Frameworks */,
				F8955BA22BEBDFF40019EE2A /* FirebaseAuth in Frameworks */,
				F8955BB72BEBE8EC0019EE2A /* GoogleSignIn in Frameworks */,
			);
			runOnlyForDeploymentPostprocessing = 0;
		};
		F8955B6E2BEBDB540019EE2A /* Frameworks */ = {
			isa = PBXFrameworksBuildPhase;
			buildActionMask = 2147483647;
			files = (
				F885425E2BFE57E200DD3D9D /* FirebaseMessaging in Frameworks */,
				F88542602BFE57E200DD3D9D /* FirebaseStorage in Frameworks */,
				F88542622BFE57E200DD3D9D /* FirebaseStorageCombine-Community in Frameworks */,
				F885425C2BFE57E200DD3D9D /* FirebaseDatabase in Frameworks */,
				F885425A2BFE57E200DD3D9D /* FirebaseAuth in Frameworks */,
				F88542642BFE57EC00DD3D9D /* GoogleSignIn in Frameworks */,
			);
			runOnlyForDeploymentPostprocessing = 0;
		};
/* End PBXFrameworksBuildPhase section */

/* Begin PBXGroup section */
		F83DEB3B2BF5E3C600E78782 /* PhotoPickerService */ = {
			isa = PBXGroup;
			children = (
				F83DEB392BF5E2E700E78782 /* PhotoPickerService.swift */,
				F83DEB3C2BF5E3D300E78782 /* PhotoImage.swift */,
			);
			path = PhotoPickerService;
			sourceTree = "<group>";
		};
		F83DEB422BF5E6A500E78782 /* Provider */ = {
			isa = PBXGroup;
			children = (
				F83DEB432BF5E6B200E78782 /* Upload */,
			);
			path = Provider;
			sourceTree = "<group>";
		};
		F83DEB432BF5E6B200E78782 /* Upload */ = {
			isa = PBXGroup;
			children = (
				F83DEB442BF5E6C300E78782 /* UploadProvider.swift */,
			);
			path = Upload;
			sourceTree = "<group>";
		};
		F83DEB482BF5E7E400E78782 /* Upload */ = {
			isa = PBXGroup;
			children = (
				F83DEB462BF5E75F00E78782 /* UploadService.swift */,
				F83DEB492BF5E7F200E78782 /* UploaSourceType.swift */,
			);
			path = Upload;
			sourceTree = "<group>";
		};
		F83DEB4D2BF5EE5C00E78782 /* ImageCache */ = {
			isa = PBXGroup;
			children = (
				F83DEB4B2BF5EDFF00E78782 /* ImageCacheSesrvice.swift */,
				F83DEB4E2BF5EE6700E78782 /* MemoryStorage.swift */,
				F83DEB502BF5EF0500E78782 /* DiskStorage.swift */,
			);
			path = ImageCache;
			sourceTree = "<group>";
		};
		F83DEB522BF5F0D000E78782 /* Util */ = {
			isa = PBXGroup;
			children = (
				F83DEB532BF5F0E400E78782 /* SHA256.swift */,
			);
			path = Util;
			sourceTree = "<group>";
		};
		F83DEB572BF5F50900E78782 /* URLImage */ = {
			isa = PBXGroup;
			children = (
				F83DEB552BF5F4F200E78782 /* URLImageView.swift */,
				F83DEB582BF5F51C00E78782 /* URLImageViewModel.swift */,
			);
			path = URLImage;
			sourceTree = "<group>";
		};
		F83DEB5A2BF65CCE00E78782 /* MyProfile */ = {
			isa = PBXGroup;
			children = (
				F8F0CB862BF33479001F67ED /* MyProfileView.swift */,
				F83DEB332BF5D83300E78782 /* MyProfileViewModel.swift */,
				F83DEB352BF5DA2000E78782 /* MyProfileMenuType.swift */,
				F83DEB372BF5DC3A00E78782 /* MyProfileDescEditView.swift */,
			);
			path = MyProfile;
			sourceTree = "<group>";
		};
		F83DEB5B2BF65CE100E78782 /* OtherProfile */ = {
			isa = PBXGroup;
			children = (
				F8F0CB8A2BF33492001F67ED /* OtherProfileView.swift */,
				F83DEB5C2BF65CFD00E78782 /* OtherProfileViewModel.swift */,
				F83DEB5E2BF65D9300E78782 /* OtherProfileMenuType.swift */,
			);
			path = OtherProfile;
			sourceTree = "<group>";
		};
		F83DEB682BF664FB00E78782 /* Navigation */ = {
			isa = PBXGroup;
			children = (
				F83DEB692BF6650D00E78782 /* NavigationDestination.swift */,
				F83DEB6B2BF6651F00E78782 /* NavigationRouter.swift */,
				F83DEB772BF6719800E78782 /* NavigationRoutingView.swift */,
			);
			path = Navigation;
			sourceTree = "<group>";
		};
		F83DEB6D2BF6661900E78782 /* Chat */ = {
			isa = PBXGroup;
			children = (
				F88542402BFB447600DD3D9D /* SubView */,
				F83DEB6E2BF6662700E78782 /* ChatView.swift */,
				F885422A2BFB102F00DD3D9D /* ChatViewModel.swift */,
			);
			path = Chat;
			sourceTree = "<group>";
		};
		F83DEB722BF6663400E78782 /* Search */ = {
			isa = PBXGroup;
			children = (
				F83DEB702BF6662F00E78782 /* SearchView.swift */,
				F88542412BFB724700DD3D9D /* SearchViewModel.swift */,
				F88542432BFB743800DD3D9D /* SearchBar.swift */,
				F885424B2BFDDC9500DD3D9D /* RecentSearchView.swift */,
			);
			path = Search;
			sourceTree = "<group>";
		};
		F88542402BFB447600DD3D9D /* SubView */ = {
			isa = PBXGroup;
			children = (
				F88542322BFB14CA00DD3D9D /* ChatItemView.swift */,
				F88542342BFB14E800DD3D9D /* ChatItemDirection.swift */,
				F88542362BFB191700DD3D9D /* KeyboardToolbar.swift */,
				F885423E2BFB447200DD3D9D /* ChatImageItemView.swift */,
			);
			path = SubView;
			sourceTree = "<group>";
		};
		F88542482BFDDB8700DD3D9D /* Search */ = {
			isa = PBXGroup;
			children = (
				F88542492BFDDBA100DD3D9D /* SearchDataController.swift */,
			);
			path = Search;
			sourceTree = "<group>";
		};
		F885424D2BFDE15F00DD3D9D /* Setting */ = {
			isa = PBXGroup;
			children = (
				F885424E2BFDE18200DD3D9D /* SettingView.swift */,
				F88542502BFDE18900DD3D9D /* SettingViewModel.swift */,
				F88542522BFDE18F00DD3D9D /* SettingItem.swift */,
			);
			path = Setting;
			sourceTree = "<group>";
		};
		F88542542BFDE35200DD3D9D /* Appearance */ = {
			isa = PBXGroup;
			children = (
				F88542552BFDE37B00DD3D9D /* AppearanceType.swift */,
				F88542572BFDE66D00DD3D9D /* AppearanceController.swift */,
			);
			path = Appearance;
			sourceTree = "<group>";
		};
		F8955B582BEBDB530019EE2A = {
			isa = PBXGroup;
			children = (
				F8955B632BEBDB530019EE2A /* Messenger */,
				F8955B742BEBDB540019EE2A /* MessengerTests */,
				F8955B622BEBDB530019EE2A /* Products */,
				F8F0CB6A2BF25D84001F67ED /* Frameworks */,
			);
			sourceTree = "<group>";
		};
		F8955B622BEBDB530019EE2A /* Products */ = {
			isa = PBXGroup;
			children = (
				F8955B612BEBDB530019EE2A /* Messenger.app */,
				F8955B712BEBDB540019EE2A /* MessengerTests.xctest */,
			);
			name = Products;
			sourceTree = "<group>";
		};
		F8955B632BEBDB530019EE2A /* Messenger */ = {
			isa = PBXGroup;
			children = (
				F8955B642BEBDB530019EE2A /* MessengerApp.swift */,
				F8955BA32BEBE03B0019EE2A /* AppDelegate.swift */,
				F8955BA62BEBE1120019EE2A /* Info.plist */,
				F8955BA52BEBE0E50019EE2A /* GoogleService-Info.plist */,
				F8955B942BEBDCFB0019EE2A /* General */,
				F8955B9A2BEBDD870019EE2A /* View */,
				F8955BB82BEBE99A0019EE2A /* Model */,
				F8955B972BEBDD190019EE2A /* Service */,
				F8F0CB6D2BF2600B001F67ED /* Repository */,
				F83DEB422BF5E6A500E78782 /* Provider */,
				F83DEB522BF5F0D000E78782 /* Util */,
				F8955B8F2BEBDB6D0019EE2A /* Extension */,
				F8955B8E2BEBDB670019EE2A /* Resource */,
				F8955B6A2BEBDB540019EE2A /* Preview Content */,
			);
			path = Messenger;
			sourceTree = "<group>";
		};
		F8955B6A2BEBDB540019EE2A /* Preview Content */ = {
			isa = PBXGroup;
			children = (
				F8955B6B2BEBDB540019EE2A /* Preview Assets.xcassets */,
			);
			path = "Preview Content";
			sourceTree = "<group>";
		};
		F8955B742BEBDB540019EE2A /* MessengerTests */ = {
			isa = PBXGroup;
			children = (
				F8955B752BEBDB540019EE2A /* MessengerTests.swift */,
			);
			path = MessengerTests;
			sourceTree = "<group>";
		};
		F8955B8E2BEBDB670019EE2A /* Resource */ = {
			isa = PBXGroup;
			children = (
				F8955B922BEBDC060019EE2A /* LaunchScreen.storyboard */,
				F8955B682BEBDB540019EE2A /* Assets.xcassets */,
				F8955B902BEBDB830019EE2A /* Colors.xcassets */,
				F88542452BFDDB2F00DD3D9D /* Search.xcdatamodeld */,
			);
			path = Resource;
			sourceTree = "<group>";
		};
		F8955B8F2BEBDB6D0019EE2A /* Extension */ = {
			isa = PBXGroup;
			children = (
				F88542302BFB132000DD3D9D /* Date+Extension.swift */,
			);
			path = Extension;
			sourceTree = "<group>";
		};
		F8955B942BEBDCFB0019EE2A /* General */ = {
			isa = PBXGroup;
			children = (
				F83DEB682BF664FB00E78782 /* Navigation */,
				F8F0CB7E2BF33217001F67ED /* View */,
				F88542482BFDDB8700DD3D9D /* Search */,
				F88542542BFDE35200DD3D9D /* Appearance */,
				F8955B952BEBDD070019EE2A /* DIContainer.swift */,
				F8F0CB782BF2630E001F67ED /* Constant.swift */,
				F8F0CB7A2BF33168001F67ED /* Phase.swift */,
			);
			path = General;
			sourceTree = "<group>";
		};
		F8955B972BEBDD190019EE2A /* Service */ = {
			isa = PBXGroup;
			children = (
				F83DEB4D2BF5EE5C00E78782 /* ImageCache */,
				F83DEB482BF5E7E400E78782 /* Upload */,
				F83DEB3B2BF5E3C600E78782 /* PhotoPickerService */,
				F8955BBB2BEBE9DE0019EE2A /* ServiceError.swift */,
				F8955B982BEBDD260019EE2A /* Services.swift */,
				F8955BA72BEBE15C0019EE2A /* AuthenticationService.swift */,
				F8F0CB712BF2603E001F67ED /* UserService.swift */,
				F8F0CB8C2BF337B5001F67ED /* ContactService.swift */,
				F83DEB642BF6627400E78782 /* ChatRoomService.swift */,
				F885423C2BFB3D4700DD3D9D /* ChatService.swift */,
			);
			path = Service;
			sourceTree = "<group>";
		};
		F8955B9A2BEBDD870019EE2A /* View */ = {
			isa = PBXGroup;
			children = (
				F8955B9B2BEBDD8F0019EE2A /* Authentication */,
				F8955BAA2BEBE34A0019EE2A /* Login */,
				F8955BAB2BEBE3600019EE2A /* MainTab */,
				F8F0CB612BF25802001F67ED /* Home */,
				F8F0CB852BF33465001F67ED /* Profile */,
				F8F0CB622BF25807001F67ED /* ChatList */,
				F83DEB6D2BF6661900E78782 /* Chat */,
				F83DEB722BF6663400E78782 /* Search */,
				F885424D2BFDE15F00DD3D9D /* Setting */,
			);
			path = View;
			sourceTree = "<group>";
		};
		F8955B9B2BEBDD8F0019EE2A /* Authentication */ = {
			isa = PBXGroup;
			children = (
				F8955B9C2BEBDDA80019EE2A /* AuthenticationViewModel.swift */,
				F8955B662BEBDB530019EE2A /* AuthenticatedView.swift */,
			);
			path = Authentication;
			sourceTree = "<group>";
		};
		F8955BAA2BEBE34A0019EE2A /* Login */ = {
			isa = PBXGroup;
			children = (
				F8955BAC2BEBE3780019EE2A /* LoginIntroView.swift */,
				F8955BB02BEBE52B0019EE2A /* LoginView.swift */,
				F8955BB22BEBE5E10019EE2A /* LoginButtonStyle.swift */,
			);
			path = Login;
			sourceTree = "<group>";
		};
		F8955BAB2BEBE3600019EE2A /* MainTab */ = {
			isa = PBXGroup;
			children = (
				F8955BAE2BEBE3830019EE2A /* MainTabView.swift */,
				F8F0CB5F2BF25781001F67ED /* MainTabType.swift */,
			);
			path = MainTab;
			sourceTree = "<group>";
		};
		F8955BB82BEBE99A0019EE2A /* Model */ = {
			isa = PBXGroup;
			children = (
				F8955BB92BEBE9A70019EE2A /* User.swift */,
				F83DEB662BF662F400E78782 /* ChatRoom.swift */,
				F885422C2BFB121000DD3D9D /* Chat.swift */,
				F885422E2BFB12B000DD3D9D /* ChatData.swift */,
			);
			path = Model;
			sourceTree = "<group>";
		};
		F8F0CB612BF25802001F67ED /* Home */ = {
			isa = PBXGroup;
			children = (
				F8F0CB642BF25823001F67ED /* HomeView.swift */,
				F8F0CB682BF2595D001F67ED /* HomeViewModel.swift */,
				F8F0CB832BF3340A001F67ED /* HomeModelDestination.swift */,
			);
			path = Home;
			sourceTree = "<group>";
		};
		F8F0CB622BF25807001F67ED /* ChatList */ = {
			isa = PBXGroup;
			children = (
				F8F0CB662BF2582B001F67ED /* ChatListView.swift */,
				F83DEB732BF66F0C00E78782 /* ChatListViewModel.swift */,
			);
			path = ChatList;
			sourceTree = "<group>";
		};
		F8F0CB6A2BF25D84001F67ED /* Frameworks */ = {
			isa = PBXGroup;
			children = (
			);
			name = Frameworks;
			sourceTree = "<group>";
		};
		F8F0CB6D2BF2600B001F67ED /* Repository */ = {
			isa = PBXGroup;
			children = (
				F8F0CB732BF26109001F67ED /* DTO */,
				F8F0CB6F2BF26021001F67ED /* UserDBRepository.swift */,
				F8F0CB762BF26156001F67ED /* DBError.swift */,
				F83DEB602BF6600E00E78782 /* ChatRoomDBRepository.swift */,
				F88542382BFB3BF000DD3D9D /* ChatDBRepository.swift */,
			);
			path = Repository;
			sourceTree = "<group>";
		};
		F8F0CB732BF26109001F67ED /* DTO */ = {
			isa = PBXGroup;
			children = (
				F8F0CB742BF26112001F67ED /* UserObject.swift */,
				F83DEB622BF6605E00E78782 /* ChatRoomObject.swift */,
				F885423A2BFB3CB400DD3D9D /* ChatObject.swift */,
			);
			path = DTO;
			sourceTree = "<group>";
		};
		F8F0CB7E2BF33217001F67ED /* View */ = {
			isa = PBXGroup;
			children = (
				F83DEB572BF5F50900E78782 /* URLImage */,
				F8F0CB7C2BF33200001F67ED /* PlaceholderView.swift */,
				F8F0CB7F2BF33223001F67ED /* LoadingView.swift */,
				F8F0CB812BF3326E001F67ED /* ErrorView.swift */,
				F83DEB752BF670F900E78782 /* SearchButton.swift */,
			);
			path = View;
			sourceTree = "<group>";
		};
		F8F0CB852BF33465001F67ED /* Profile */ = {
			isa = PBXGroup;
			children = (
				F83DEB5A2BF65CCE00E78782 /* MyProfile */,
				F83DEB5B2BF65CE100E78782 /* OtherProfile */,
			);
			path = Profile;
			sourceTree = "<group>";
		};
/* End PBXGroup section */

/* Begin PBXNativeTarget section */
		F8955B602BEBDB530019EE2A /* Messenger */ = {
			isa = PBXNativeTarget;
			buildConfigurationList = F8955B852BEBDB540019EE2A /* Build configuration list for PBXNativeTarget "Messenger" */;
			buildPhases = (
				F8955B5D2BEBDB530019EE2A /* Sources */,
				F8955B5E2BEBDB530019EE2A /* Frameworks */,
				F8955B5F2BEBDB530019EE2A /* Resources */,
			);
			buildRules = (
			);
			dependencies = (
			);
			name = Messenger;
			packageProductDependencies = (
				F8955BA12BEBDFF40019EE2A /* FirebaseAuth */,
				F8955BB62BEBE8EC0019EE2A /* GoogleSignIn */,
				F8F0CB6B2BF25D84001F67ED /* FirebaseDatabase */,
				F83DEB3E2BF5E66900E78782 /* FirebaseStorage */,
				F83DEB402BF5E66900E78782 /* FirebaseStorageCombine-Community */,
			);
			productName = Messenger;
			productReference = F8955B612BEBDB530019EE2A /* Messenger.app */;
			productType = "com.apple.product-type.application";
		};
		F8955B702BEBDB540019EE2A /* MessengerTests */ = {
			isa = PBXNativeTarget;
			buildConfigurationList = F8955B882BEBDB540019EE2A /* Build configuration list for PBXNativeTarget "MessengerTests" */;
			buildPhases = (
				F8955B6D2BEBDB540019EE2A /* Sources */,
				F8955B6E2BEBDB540019EE2A /* Frameworks */,
				F8955B6F2BEBDB540019EE2A /* Resources */,
			);
			buildRules = (
			);
			dependencies = (
				F8955B732BEBDB540019EE2A /* PBXTargetDependency */,
			);
			name = MessengerTests;
			packageProductDependencies = (
				F88542592BFE57E200DD3D9D /* FirebaseAuth */,
				F885425B2BFE57E200DD3D9D /* FirebaseDatabase */,
				F885425D2BFE57E200DD3D9D /* FirebaseMessaging */,
				F885425F2BFE57E200DD3D9D /* FirebaseStorage */,
				F88542612BFE57E200DD3D9D /* FirebaseStorageCombine-Community */,
				F88542632BFE57EC00DD3D9D /* GoogleSignIn */,
			);
			productName = MessengerTests;
			productReference = F8955B712BEBDB540019EE2A /* MessengerTests.xctest */;
			productType = "com.apple.product-type.bundle.unit-test";
		};
/* End PBXNativeTarget section */

/* Begin PBXProject section */
		F8955B592BEBDB530019EE2A /* Project object */ = {
			isa = PBXProject;
			attributes = {
				BuildIndependentTargetsInParallel = 1;
				LastSwiftUpdateCheck = 1530;
				LastUpgradeCheck = 1530;
				TargetAttributes = {
					F8955B602BEBDB530019EE2A = {
						CreatedOnToolsVersion = 15.3;
					};
					F8955B702BEBDB540019EE2A = {
						CreatedOnToolsVersion = 15.3;
						TestTargetID = F8955B602BEBDB530019EE2A;
					};
				};
			};
			buildConfigurationList = F8955B5C2BEBDB530019EE2A /* Build configuration list for PBXProject "Messenger" */;
			compatibilityVersion = "Xcode 14.0";
			developmentRegion = en;
			hasScannedForEncodings = 0;
			knownRegions = (
				en,
				Base,
			);
			mainGroup = F8955B582BEBDB530019EE2A;
			packageReferences = (
				F8955BA02BEBDFF40019EE2A /* XCRemoteSwiftPackageReference "firebase-ios-sdk" */,
				F8955BB52BEBE8EC0019EE2A /* XCRemoteSwiftPackageReference "GoogleSignIn-iOS" */,
			);
			productRefGroup = F8955B622BEBDB530019EE2A /* Products */;
			projectDirPath = "";
			projectRoot = "";
			targets = (
				F8955B602BEBDB530019EE2A /* Messenger */,
				F8955B702BEBDB540019EE2A /* MessengerTests */,
			);
		};
/* End PBXProject section */

/* Begin PBXResourcesBuildPhase section */
		F8955B5F2BEBDB530019EE2A /* Resources */ = {
			isa = PBXResourcesBuildPhase;
			buildActionMask = 2147483647;
			files = (
				F8955B912BEBDB830019EE2A /* Colors.xcassets in Resources */,
				F8955B932BEBDC130019EE2A /* LaunchScreen.storyboard in Resources */,
				F8955BA92BEBE2BB0019EE2A /* GoogleService-Info.plist in Resources */,
				F8955B6C2BEBDB540019EE2A /* Preview Assets.xcassets in Resources */,
				F8955B692BEBDB540019EE2A /* Assets.xcassets in Resources */,
			);
			runOnlyForDeploymentPostprocessing = 0;
		};
		F8955B6F2BEBDB540019EE2A /* Resources */ = {
			isa = PBXResourcesBuildPhase;
			buildActionMask = 2147483647;
			files = (
			);
			runOnlyForDeploymentPostprocessing = 0;
		};
/* End PBXResourcesBuildPhase section */

/* Begin PBXSourcesBuildPhase section */
		F8955B5D2BEBDB530019EE2A /* Sources */ = {
			isa = PBXSourcesBuildPhase;
			buildActionMask = 2147483647;
			files = (
				F83DEB362BF5DA2000E78782 /* MyProfileMenuType.swift in Sources */,
				F8F0CB702BF26021001F67ED /* UserDBRepository.swift in Sources */,
				F83DEB342BF5D83300E78782 /* MyProfileViewModel.swift in Sources */,
				F885423F2BFB447200DD3D9D /* ChatImageItemView.swift in Sources */,
				F885422F2BFB12B000DD3D9D /* ChatData.swift in Sources */,
				F83DEB452BF5E6C300E78782 /* UploadProvider.swift in Sources */,
				F83DEB612BF6600E00E78782 /* ChatRoomDBRepository.swift in Sources */,
				F88542442BFB743800DD3D9D /* SearchBar.swift in Sources */,
				F83DEB4F2BF5EE6700E78782 /* MemoryStorage.swift in Sources */,
				F83DEB3D2BF5E3D300E78782 /* PhotoImage.swift in Sources */,
				F885423B2BFB3CB400DD3D9D /* ChatObject.swift in Sources */,
				F83DEB762BF670F900E78782 /* SearchButton.swift in Sources */,
				F8F0CB692BF2595D001F67ED /* HomeViewModel.swift in Sources */,
				F83DEB652BF6627400E78782 /* ChatRoomService.swift in Sources */,
				F8955BA42BEBE03B0019EE2A /* AppDelegate.swift in Sources */,
				F83DEB6C2BF6651F00E78782 /* NavigationRouter.swift in Sources */,
				F83DEB542BF5F0E400E78782 /* SHA256.swift in Sources */,
				F8955B672BEBDB530019EE2A /* AuthenticatedView.swift in Sources */,
				F8F0CB872BF33479001F67ED /* MyProfileView.swift in Sources */,
				F8955BAF2BEBE3830019EE2A /* MainTabView.swift in Sources */,
				F8F0CB8B2BF33492001F67ED /* OtherProfileView.swift in Sources */,
				F885423D2BFB3D4700DD3D9D /* ChatService.swift in Sources */,
				F8F0CB652BF25823001F67ED /* HomeView.swift in Sources */,
				F8F0CB8D2BF337B5001F67ED /* ContactService.swift in Sources */,
				F8F0CB772BF26156001F67ED /* DBError.swift in Sources */,
				F83DEB672BF662F400E78782 /* ChatRoom.swift in Sources */,
				F8F0CB672BF2582B001F67ED /* ChatListView.swift in Sources */,
				F8955B9D2BEBDDA80019EE2A /* AuthenticationViewModel.swift in Sources */,
				F83DEB512BF5EF0500E78782 /* DiskStorage.swift in Sources */,
				F8F0CB7B2BF33168001F67ED /* Phase.swift in Sources */,
				F8955B992BEBDD260019EE2A /* Services.swift in Sources */,
				F88542562BFDE37B00DD3D9D /* AppearanceType.swift in Sources */,
				F8F0CB822BF3326E001F67ED /* ErrorView.swift in Sources */,
				F8955B962BEBDD070019EE2A /* DIContainer.swift in Sources */,
				F83DEB5D2BF65CFD00E78782 /* OtherProfileViewModel.swift in Sources */,
				F8F0CB602BF25781001F67ED /* MainTabType.swift in Sources */,
				F885422D2BFB121000DD3D9D /* Chat.swift in Sources */,
				F8955B652BEBDB530019EE2A /* MessengerApp.swift in Sources */,
				F8F0CB842BF3340A001F67ED /* HomeModelDestination.swift in Sources */,
				F8F0CB7D2BF33200001F67ED /* PlaceholderView.swift in Sources */,
				F8955BA82BEBE15C0019EE2A /* AuthenticationService.swift in Sources */,
				F83DEB472BF5E75F00E78782 /* UploadService.swift in Sources */,
				F885424F2BFDE18200DD3D9D /* SettingView.swift in Sources */,
				F88542312BFB132000DD3D9D /* Date+Extension.swift in Sources */,
				F8F0CB752BF26112001F67ED /* UserObject.swift in Sources */,
				F83DEB5F2BF65D9300E78782 /* OtherProfileMenuType.swift in Sources */,
				F8F0CB722BF2603E001F67ED /* UserService.swift in Sources */,
				F88542352BFB14E800DD3D9D /* ChatItemDirection.swift in Sources */,
				F885422B2BFB102F00DD3D9D /* ChatViewModel.swift in Sources */,
				F83DEB742BF66F0C00E78782 /* ChatListViewModel.swift in Sources */,
				F88542332BFB14CA00DD3D9D /* ChatItemView.swift in Sources */,
				F8F0CB802BF33223001F67ED /* LoadingView.swift in Sources */,
				F88542392BFB3BF000DD3D9D /* ChatDBRepository.swift in Sources */,
				F83DEB632BF6605E00E78782 /* ChatRoomObject.swift in Sources */,
				F83DEB562BF5F4F200E78782 /* URLImageView.swift in Sources */,
				F83DEB3A2BF5E2E700E78782 /* PhotoPickerService.swift in Sources */,
				F88542512BFDE18900DD3D9D /* SettingViewModel.swift in Sources */,
				F83DEB4A2BF5E7F200E78782 /* UploaSourceType.swift in Sources */,
				F8955BBC2BEBE9DE0019EE2A /* ServiceError.swift in Sources */,
				F83DEB592BF5F51C00E78782 /* URLImageViewModel.swift in Sources */,
				F885424C2BFDDC9500DD3D9D /* RecentSearchView.swift in Sources */,
				F88542582BFDE66D00DD3D9D /* AppearanceController.swift in Sources */,
				F88542372BFB191700DD3D9D /* KeyboardToolbar.swift in Sources */,
				F88542472BFDDB2F00DD3D9D /* Search.xcdatamodeld in Sources */,
				F83DEB6F2BF6662700E78782 /* ChatView.swift in Sources */,
				F8955BBA2BEBE9A70019EE2A /* User.swift in Sources */,
				F83DEB712BF6662F00E78782 /* SearchView.swift in Sources */,
				F88542422BFB724700DD3D9D /* SearchViewModel.swift in Sources */,
				F8955BB12BEBE52B0019EE2A /* LoginView.swift in Sources */,
				F8F0CB792BF2630E001F67ED /* Constant.swift in Sources */,
				F885424A2BFDDBA100DD3D9D /* SearchDataController.swift in Sources */,
				F88542532BFDE18F00DD3D9D /* SettingItem.swift in Sources */,
				F83DEB382BF5DC3A00E78782 /* MyProfileDescEditView.swift in Sources */,
				F83DEB4C2BF5EDFF00E78782 /* ImageCacheSesrvice.swift in Sources */,
				F8955BAD2BEBE3780019EE2A /* LoginIntroView.swift in Sources */,
				F83DEB6A2BF6650D00E78782 /* NavigationDestination.swift in Sources */,
				F83DEB782BF6719800E78782 /* NavigationRoutingView.swift in Sources */,
				F8955BB32BEBE5E10019EE2A /* LoginButtonStyle.swift in Sources */,
			);
			runOnlyForDeploymentPostprocessing = 0;
		};
		F8955B6D2BEBDB540019EE2A /* Sources */ = {
			isa = PBXSourcesBuildPhase;
			buildActionMask = 2147483647;
			files = (
				F8955B762BEBDB540019EE2A /* MessengerTests.swift in Sources */,
			);
			runOnlyForDeploymentPostprocessing = 0;
		};
/* End PBXSourcesBuildPhase section */

/* Begin PBXTargetDependency section */
		F8955B732BEBDB540019EE2A /* PBXTargetDependency */ = {
			isa = PBXTargetDependency;
			target = F8955B602BEBDB530019EE2A /* Messenger */;
			targetProxy = F8955B722BEBDB540019EE2A /* PBXContainerItemProxy */;
		};
/* End PBXTargetDependency section */

/* Begin XCBuildConfiguration section */
		F8955B832BEBDB540019EE2A /* Debug */ = {
			isa = XCBuildConfiguration;
			buildSettings = {
				ALWAYS_SEARCH_USER_PATHS = NO;
				ASSETCATALOG_COMPILER_GENERATE_SWIFT_ASSET_SYMBOL_EXTENSIONS = YES;
				CLANG_ANALYZER_NONNULL = YES;
				CLANG_ANALYZER_NUMBER_OBJECT_CONVERSION = YES_AGGRESSIVE;
				CLANG_CXX_LANGUAGE_STANDARD = "gnu++20";
				CLANG_ENABLE_MODULES = YES;
				CLANG_ENABLE_OBJC_ARC = YES;
				CLANG_ENABLE_OBJC_WEAK = YES;
				CLANG_WARN_BLOCK_CAPTURE_AUTORELEASING = YES;
				CLANG_WARN_BOOL_CONVERSION = YES;
				CLANG_WARN_COMMA = YES;
				CLANG_WARN_CONSTANT_CONVERSION = YES;
				CLANG_WARN_DEPRECATED_OBJC_IMPLEMENTATIONS = YES;
				CLANG_WARN_DIRECT_OBJC_ISA_USAGE = YES_ERROR;
				CLANG_WARN_DOCUMENTATION_COMMENTS = YES;
				CLANG_WARN_EMPTY_BODY = YES;
				CLANG_WARN_ENUM_CONVERSION = YES;
				CLANG_WARN_INFINITE_RECURSION = YES;
				CLANG_WARN_INT_CONVERSION = YES;
				CLANG_WARN_NON_LITERAL_NULL_CONVERSION = YES;
				CLANG_WARN_OBJC_IMPLICIT_RETAIN_SELF = YES;
				CLANG_WARN_OBJC_LITERAL_CONVERSION = YES;
				CLANG_WARN_OBJC_ROOT_CLASS = YES_ERROR;
				CLANG_WARN_QUOTED_INCLUDE_IN_FRAMEWORK_HEADER = YES;
				CLANG_WARN_RANGE_LOOP_ANALYSIS = YES;
				CLANG_WARN_STRICT_PROTOTYPES = YES;
				CLANG_WARN_SUSPICIOUS_MOVE = YES;
				CLANG_WARN_UNGUARDED_AVAILABILITY = YES_AGGRESSIVE;
				CLANG_WARN_UNREACHABLE_CODE = YES;
				CLANG_WARN__DUPLICATE_METHOD_MATCH = YES;
				COPY_PHASE_STRIP = NO;
				DEBUG_INFORMATION_FORMAT = dwarf;
				ENABLE_STRICT_OBJC_MSGSEND = YES;
				ENABLE_TESTABILITY = YES;
				ENABLE_USER_SCRIPT_SANDBOXING = YES;
				GCC_C_LANGUAGE_STANDARD = gnu17;
				GCC_DYNAMIC_NO_PIC = NO;
				GCC_NO_COMMON_BLOCKS = YES;
				GCC_OPTIMIZATION_LEVEL = 0;
				GCC_PREPROCESSOR_DEFINITIONS = (
					"DEBUG=1",
					"$(inherited)",
				);
				GCC_WARN_64_TO_32_BIT_CONVERSION = YES;
				GCC_WARN_ABOUT_RETURN_TYPE = YES_ERROR;
				GCC_WARN_UNDECLARED_SELECTOR = YES;
				GCC_WARN_UNINITIALIZED_AUTOS = YES_AGGRESSIVE;
				GCC_WARN_UNUSED_FUNCTION = YES;
				GCC_WARN_UNUSED_VARIABLE = YES;
				IPHONEOS_DEPLOYMENT_TARGET = 16.0;
				LOCALIZATION_PREFERS_STRING_CATALOGS = YES;
				MTL_ENABLE_DEBUG_INFO = INCLUDE_SOURCE;
				MTL_FAST_MATH = YES;
				ONLY_ACTIVE_ARCH = YES;
				SDKROOT = iphoneos;
				SWIFT_ACTIVE_COMPILATION_CONDITIONS = "DEBUG $(inherited)";
				SWIFT_OPTIMIZATION_LEVEL = "-Onone";
			};
			name = Debug;
		};
		F8955B842BEBDB540019EE2A /* Release */ = {
			isa = XCBuildConfiguration;
			buildSettings = {
				ALWAYS_SEARCH_USER_PATHS = NO;
				ASSETCATALOG_COMPILER_GENERATE_SWIFT_ASSET_SYMBOL_EXTENSIONS = YES;
				CLANG_ANALYZER_NONNULL = YES;
				CLANG_ANALYZER_NUMBER_OBJECT_CONVERSION = YES_AGGRESSIVE;
				CLANG_CXX_LANGUAGE_STANDARD = "gnu++20";
				CLANG_ENABLE_MODULES = YES;
				CLANG_ENABLE_OBJC_ARC = YES;
				CLANG_ENABLE_OBJC_WEAK = YES;
				CLANG_WARN_BLOCK_CAPTURE_AUTORELEASING = YES;
				CLANG_WARN_BOOL_CONVERSION = YES;
				CLANG_WARN_COMMA = YES;
				CLANG_WARN_CONSTANT_CONVERSION = YES;
				CLANG_WARN_DEPRECATED_OBJC_IMPLEMENTATIONS = YES;
				CLANG_WARN_DIRECT_OBJC_ISA_USAGE = YES_ERROR;
				CLANG_WARN_DOCUMENTATION_COMMENTS = YES;
				CLANG_WARN_EMPTY_BODY = YES;
				CLANG_WARN_ENUM_CONVERSION = YES;
				CLANG_WARN_INFINITE_RECURSION = YES;
				CLANG_WARN_INT_CONVERSION = YES;
				CLANG_WARN_NON_LITERAL_NULL_CONVERSION = YES;
				CLANG_WARN_OBJC_IMPLICIT_RETAIN_SELF = YES;
				CLANG_WARN_OBJC_LITERAL_CONVERSION = YES;
				CLANG_WARN_OBJC_ROOT_CLASS = YES_ERROR;
				CLANG_WARN_QUOTED_INCLUDE_IN_FRAMEWORK_HEADER = YES;
				CLANG_WARN_RANGE_LOOP_ANALYSIS = YES;
				CLANG_WARN_STRICT_PROTOTYPES = YES;
				CLANG_WARN_SUSPICIOUS_MOVE = YES;
				CLANG_WARN_UNGUARDED_AVAILABILITY = YES_AGGRESSIVE;
				CLANG_WARN_UNREACHABLE_CODE = YES;
				CLANG_WARN__DUPLICATE_METHOD_MATCH = YES;
				COPY_PHASE_STRIP = NO;
				DEBUG_INFORMATION_FORMAT = "dwarf-with-dsym";
				ENABLE_NS_ASSERTIONS = NO;
				ENABLE_STRICT_OBJC_MSGSEND = YES;
				ENABLE_USER_SCRIPT_SANDBOXING = YES;
				GCC_C_LANGUAGE_STANDARD = gnu17;
				GCC_NO_COMMON_BLOCKS = YES;
				GCC_WARN_64_TO_32_BIT_CONVERSION = YES;
				GCC_WARN_ABOUT_RETURN_TYPE = YES_ERROR;
				GCC_WARN_UNDECLARED_SELECTOR = YES;
				GCC_WARN_UNINITIALIZED_AUTOS = YES_AGGRESSIVE;
				GCC_WARN_UNUSED_FUNCTION = YES;
				GCC_WARN_UNUSED_VARIABLE = YES;
				IPHONEOS_DEPLOYMENT_TARGET = 16.0;
				LOCALIZATION_PREFERS_STRING_CATALOGS = YES;
				MTL_ENABLE_DEBUG_INFO = NO;
				MTL_FAST_MATH = YES;
				SDKROOT = iphoneos;
				SWIFT_COMPILATION_MODE = wholemodule;
				VALIDATE_PRODUCT = YES;
			};
			name = Release;
		};
		F8955B862BEBDB540019EE2A /* Debug */ = {
			isa = XCBuildConfiguration;
			buildSettings = {
				ASSETCATALOG_COMPILER_APPICON_NAME = AppIcon;
				ASSETCATALOG_COMPILER_GLOBAL_ACCENT_COLOR_NAME = AccentColor;
				CODE_SIGN_STYLE = Automatic;
				CURRENT_PROJECT_VERSION = 1;
				DEVELOPMENT_ASSET_PATHS = "\"Messenger/Preview Content\"";
				DEVELOPMENT_TEAM = 96KDP35MCD;
				ENABLE_PREVIEWS = YES;
				GENERATE_INFOPLIST_FILE = YES;
				INFOPLIST_FILE = Messenger/Info.plist;
				INFOPLIST_KEY_LSApplicationCategoryType = "";
				INFOPLIST_KEY_NSContactsUsageDescription = "친구 목록을 가져옵니다.";
				INFOPLIST_KEY_UIApplicationSceneManifest_Generation = YES;
				INFOPLIST_KEY_UIApplicationSupportsIndirectInputEvents = YES;
				INFOPLIST_KEY_UILaunchStoryboardName = LaunchScreen;
				INFOPLIST_KEY_UISupportedInterfaceOrientations_iPad = "UIInterfaceOrientationPortrait UIInterfaceOrientationPortraitUpsideDown UIInterfaceOrientationLandscapeLeft UIInterfaceOrientationLandscapeRight";
				INFOPLIST_KEY_UISupportedInterfaceOrientations_iPhone = "UIInterfaceOrientationPortrait UIInterfaceOrientationLandscapeLeft UIInterfaceOrientationLandscapeRight";
				IPHONEOS_DEPLOYMENT_TARGET = 16.0;
				LD_RUNPATH_SEARCH_PATHS = (
					"$(inherited)",
					"@executable_path/Frameworks",
				);
				MARKETING_VERSION = 1.0;
				PRODUCT_BUNDLE_IDENTIFIER = com.zeroh.Messenger;
				PRODUCT_NAME = "$(TARGET_NAME)";
				SWIFT_EMIT_LOC_STRINGS = YES;
				SWIFT_VERSION = 5.0;
				TARGETED_DEVICE_FAMILY = "1,2";
			};
			name = Debug;
		};
		F8955B872BEBDB540019EE2A /* Release */ = {
			isa = XCBuildConfiguration;
			buildSettings = {
				ASSETCATALOG_COMPILER_APPICON_NAME = AppIcon;
				ASSETCATALOG_COMPILER_GLOBAL_ACCENT_COLOR_NAME = AccentColor;
				CODE_SIGN_STYLE = Automatic;
				CURRENT_PROJECT_VERSION = 1;
				DEVELOPMENT_ASSET_PATHS = "\"Messenger/Preview Content\"";
				DEVELOPMENT_TEAM = 96KDP35MCD;
				ENABLE_PREVIEWS = YES;
				GENERATE_INFOPLIST_FILE = YES;
				INFOPLIST_FILE = Messenger/Info.plist;
				INFOPLIST_KEY_LSApplicationCategoryType = "";
				INFOPLIST_KEY_NSContactsUsageDescription = "친구 목록을 가져옵니다.";
				INFOPLIST_KEY_UIApplicationSceneManifest_Generation = YES;
				INFOPLIST_KEY_UIApplicationSupportsIndirectInputEvents = YES;
				INFOPLIST_KEY_UILaunchStoryboardName = LaunchScreen;
				INFOPLIST_KEY_UISupportedInterfaceOrientations_iPad = "UIInterfaceOrientationPortrait UIInterfaceOrientationPortraitUpsideDown UIInterfaceOrientationLandscapeLeft UIInterfaceOrientationLandscapeRight";
				INFOPLIST_KEY_UISupportedInterfaceOrientations_iPhone = "UIInterfaceOrientationPortrait UIInterfaceOrientationLandscapeLeft UIInterfaceOrientationLandscapeRight";
				IPHONEOS_DEPLOYMENT_TARGET = 16.0;
				LD_RUNPATH_SEARCH_PATHS = (
					"$(inherited)",
					"@executable_path/Frameworks",
				);
				MARKETING_VERSION = 1.0;
				PRODUCT_BUNDLE_IDENTIFIER = com.zeroh.Messenger;
				PRODUCT_NAME = "$(TARGET_NAME)";
				SWIFT_EMIT_LOC_STRINGS = YES;
				SWIFT_VERSION = 5.0;
				TARGETED_DEVICE_FAMILY = "1,2";
			};
			name = Release;
		};
		F8955B892BEBDB540019EE2A /* Debug */ = {
			isa = XCBuildConfiguration;
			buildSettings = {
				ALWAYS_EMBED_SWIFT_STANDARD_LIBRARIES = YES;
				BUNDLE_LOADER = "$(TEST_HOST)";
				CODE_SIGN_STYLE = Automatic;
				CURRENT_PROJECT_VERSION = 1;
				DEVELOPMENT_TEAM = 96KDP35MCD;
				GENERATE_INFOPLIST_FILE = YES;
				IPHONEOS_DEPLOYMENT_TARGET = 16.0;
				MARKETING_VERSION = 1.0;
				PRODUCT_BUNDLE_IDENTIFIER = com.zeroh.MessengerTests;
				PRODUCT_NAME = "$(TARGET_NAME)";
				SWIFT_EMIT_LOC_STRINGS = NO;
				SWIFT_VERSION = 5.0;
				TARGETED_DEVICE_FAMILY = "1,2";
				TEST_HOST = "$(BUILT_PRODUCTS_DIR)/Messenger.app/$(BUNDLE_EXECUTABLE_FOLDER_PATH)/Messenger";
			};
			name = Debug;
		};
		F8955B8A2BEBDB540019EE2A /* Release */ = {
			isa = XCBuildConfiguration;
			buildSettings = {
				ALWAYS_EMBED_SWIFT_STANDARD_LIBRARIES = YES;
				BUNDLE_LOADER = "$(TEST_HOST)";
				CODE_SIGN_STYLE = Automatic;
				CURRENT_PROJECT_VERSION = 1;
				DEVELOPMENT_TEAM = 96KDP35MCD;
				GENERATE_INFOPLIST_FILE = YES;
				IPHONEOS_DEPLOYMENT_TARGET = 16.0;
				MARKETING_VERSION = 1.0;
				PRODUCT_BUNDLE_IDENTIFIER = com.zeroh.MessengerTests;
				PRODUCT_NAME = "$(TARGET_NAME)";
				SWIFT_EMIT_LOC_STRINGS = NO;
				SWIFT_VERSION = 5.0;
				TARGETED_DEVICE_FAMILY = "1,2";
				TEST_HOST = "$(BUILT_PRODUCTS_DIR)/Messenger.app/$(BUNDLE_EXECUTABLE_FOLDER_PATH)/Messenger";
			};
			name = Release;
		};
/* End XCBuildConfiguration section */

/* Begin XCConfigurationList section */
		F8955B5C2BEBDB530019EE2A /* Build configuration list for PBXProject "Messenger" */ = {
			isa = XCConfigurationList;
			buildConfigurations = (
				F8955B832BEBDB540019EE2A /* Debug */,
				F8955B842BEBDB540019EE2A /* Release */,
			);
			defaultConfigurationIsVisible = 0;
			defaultConfigurationName = Release;
		};
		F8955B852BEBDB540019EE2A /* Build configuration list for PBXNativeTarget "Messenger" */ = {
			isa = XCConfigurationList;
			buildConfigurations = (
				F8955B862BEBDB540019EE2A /* Debug */,
				F8955B872BEBDB540019EE2A /* Release */,
			);
			defaultConfigurationIsVisible = 0;
			defaultConfigurationName = Release;
		};
		F8955B882BEBDB540019EE2A /* Build configuration list for PBXNativeTarget "MessengerTests" */ = {
			isa = XCConfigurationList;
			buildConfigurations = (
				F8955B892BEBDB540019EE2A /* Debug */,
				F8955B8A2BEBDB540019EE2A /* Release */,
			);
			defaultConfigurationIsVisible = 0;
			defaultConfigurationName = Release;
		};
/* End XCConfigurationList section */

/* Begin XCRemoteSwiftPackageReference section */
		F8955BA02BEBDFF40019EE2A /* XCRemoteSwiftPackageReference "firebase-ios-sdk" */ = {
			isa = XCRemoteSwiftPackageReference;
			repositoryURL = "https://github.com/firebase/firebase-ios-sdk";
			requirement = {
				kind = upToNextMajorVersion;
				minimumVersion = 10.25.0;
			};
		};
		F8955BB52BEBE8EC0019EE2A /* XCRemoteSwiftPackageReference "GoogleSignIn-iOS" */ = {
			isa = XCRemoteSwiftPackageReference;
			repositoryURL = "https://github.com/google/GoogleSignIn-iOS";
			requirement = {
				kind = upToNextMajorVersion;
				minimumVersion = 7.1.0;
			};
		};
/* End XCRemoteSwiftPackageReference section */

/* Begin XCSwiftPackageProductDependency section */
		F83DEB3E2BF5E66900E78782 /* FirebaseStorage */ = {
			isa = XCSwiftPackageProductDependency;
			package = F8955BA02BEBDFF40019EE2A /* XCRemoteSwiftPackageReference "firebase-ios-sdk" */;
			productName = FirebaseStorage;
		};
		F83DEB402BF5E66900E78782 /* FirebaseStorageCombine-Community */ = {
			isa = XCSwiftPackageProductDependency;
			package = F8955BA02BEBDFF40019EE2A /* XCRemoteSwiftPackageReference "firebase-ios-sdk" */;
			productName = "FirebaseStorageCombine-Community";
		};
		F88542592BFE57E200DD3D9D /* FirebaseAuth */ = {
			isa = XCSwiftPackageProductDependency;
			package = F8955BA02BEBDFF40019EE2A /* XCRemoteSwiftPackageReference "firebase-ios-sdk" */;
			productName = FirebaseAuth;
		};
		F885425B2BFE57E200DD3D9D /* FirebaseDatabase */ = {
			isa = XCSwiftPackageProductDependency;
			package = F8955BA02BEBDFF40019EE2A /* XCRemoteSwiftPackageReference "firebase-ios-sdk" */;
			productName = FirebaseDatabase;
		};
		F885425D2BFE57E200DD3D9D /* FirebaseMessaging */ = {
			isa = XCSwiftPackageProductDependency;
			package = F8955BA02BEBDFF40019EE2A /* XCRemoteSwiftPackageReference "firebase-ios-sdk" */;
			productName = FirebaseMessaging;
		};
		F885425F2BFE57E200DD3D9D /* FirebaseStorage */ = {
			isa = XCSwiftPackageProductDependency;
			package = F8955BA02BEBDFF40019EE2A /* XCRemoteSwiftPackageReference "firebase-ios-sdk" */;
			productName = FirebaseStorage;
		};
		F88542612BFE57E200DD3D9D /* FirebaseStorageCombine-Community */ = {
			isa = XCSwiftPackageProductDependency;
			package = F8955BA02BEBDFF40019EE2A /* XCRemoteSwiftPackageReference "firebase-ios-sdk" */;
			productName = "FirebaseStorageCombine-Community";
		};
		F88542632BFE57EC00DD3D9D /* GoogleSignIn */ = {
			isa = XCSwiftPackageProductDependency;
			package = F8955BB52BEBE8EC0019EE2A /* XCRemoteSwiftPackageReference "GoogleSignIn-iOS" */;
			productName = GoogleSignIn;
		};
		F8955BA12BEBDFF40019EE2A /* FirebaseAuth */ = {
			isa = XCSwiftPackageProductDependency;
			package = F8955BA02BEBDFF40019EE2A /* XCRemoteSwiftPackageReference "firebase-ios-sdk" */;
			productName = FirebaseAuth;
		};
		F8955BB62BEBE8EC0019EE2A /* GoogleSignIn */ = {
			isa = XCSwiftPackageProductDependency;
			package = F8955BB52BEBE8EC0019EE2A /* XCRemoteSwiftPackageReference "GoogleSignIn-iOS" */;
			productName = GoogleSignIn;
		};
		F8F0CB6B2BF25D84001F67ED /* FirebaseDatabase */ = {
			isa = XCSwiftPackageProductDependency;
			package = F8955BA02BEBDFF40019EE2A /* XCRemoteSwiftPackageReference "firebase-ios-sdk" */;
			productName = FirebaseDatabase;
		};
/* End XCSwiftPackageProductDependency section */

/* Begin XCVersionGroup section */
		F88542452BFDDB2F00DD3D9D /* Search.xcdatamodeld */ = {
			isa = XCVersionGroup;
			children = (
				F88542462BFDDB2F00DD3D9D /* Search.xcdatamodel */,
			);
			currentVersion = F88542462BFDDB2F00DD3D9D /* Search.xcdatamodel */;
			name = Search.xcdatamodeld;
			path = /Users/yh/Desktop/project/Messenger/Messenger/Resource/Search.xcdatamodeld;
			sourceTree = "<group>";
			versionGroupType = wrapper.xcdatamodel;
		};
/* End XCVersionGroup section */
	};
	rootObject = F8955B592BEBDB530019EE2A /* Project object */;
}
